
Microsoft Visual Studio Solution File, Format Version 12.00
# Visual Studio Version 16
VisualStudioVersion = 16.0.29123.88
MinimumVisualStudioVersion = 10.0.40219.1
Project("{9A19103F-16F7-4668-BE54-9A1E7A4F7556}") = "TFL.CodingChallenge.RoadStatus.Services", "TFL.CodingChallenge.RoadStatus.Services\TFL.CodingChallenge.RoadStatus.Services.csproj", "{6C9A12F1-33AB-4DF0-B588-3C3042243F9E}"
EndProject
Project("{9A19103F-16F7-4668-BE54-9A1E7A4F7556}") = "TFL.CodingChallenge.RoadStatus.Services.Console", "TFL.CodingChallenge.RoadStatus.Services.Console\TFL.CodingChallenge.RoadStatus.Services.Console.csproj", "{274EC0CA-ACA3-4F25-9D37-B59AD72A02D1}"
EndProject
Project("{FAE04EC0-301F-11D3-BF4B-00C04F79EFBC}") = "TFL.CodingChallenge.RoadStatus.Tests", "TFL.CodingChallenge.RoadStatus.Tests\TFL.CodingChallenge.RoadStatus.Tests.csproj", "{76660050-4B36-4771-A6ED-DC1AFFAE8B63}"
EndProject
Global
	GlobalSection(SolutionConfigurationPlatforms) = preSolution
		Debug|Any CPU = Debug|Any CPU
		Release|Any CPU = Release|Any CPU
	EndGlobalSection
	GlobalSection(ProjectConfigurationPlatforms) = postSolution
		{6C9A12F1-33AB-4DF0-B588-3C3042243F9E}.Debug|Any CPU.ActiveCfg = Debug|Any CPU
		{6C9A12F1-33AB-4DF0-B588-3C3042243F9E}.Debug|Any CPU.Build.0 = Debug|Any CPU
		{6C9A12F1-33AB-4DF0-B588-3C3042243F9E}.Release|Any CPU.ActiveCfg = Release|Any CPU
		{6C9A12F1-33AB-4DF0-B588-3C3042243F9E}.Release|Any CPU.Build.0 = Release|Any CPU
		{274EC0CA-ACA3-4F25-9D37-B59AD72A02D1}.Debug|Any CPU.ActiveCfg = Debug|Any CPU
		{274EC0CA-ACA3-4F25-9D37-B59AD72A02D1}.Debug|Any CPU.Build.0 = Debug|Any CPU
		{274EC0CA-ACA3-4F25-9D37-B59AD72A02D1}.Release|Any CPU.ActiveCfg = Release|Any CPU
		{274EC0CA-ACA3-4F25-9D37-B59AD72A02D1}.Release|Any CPU.Build.0 = Release|Any CPU
		{76660050-4B36-4771-A6ED-DC1AFFAE8B63}.Debug|Any CPU.ActiveCfg = Debug|Any CPU
		{76660050-4B36-4771-A6ED-DC1AFFAE8B63}.Debug|Any CPU.Build.0 = Debug|Any CPU
		{76660050-4B36-4771-A6ED-DC1AFFAE8B63}.Release|Any CPU.ActiveCfg = Release|Any CPU
		{76660050-4B36-4771-A6ED-DC1AFFAE8B63}.Release|Any CPU.Build.0 = Release|Any CPU
	EndGlobalSection
	GlobalSection(SolutionProperties) = preSolution
		HideSolutionNode = FALSE
	EndGlobalSection
	GlobalSection(ExtensibilityGlobals) = postSolution
		SolutionGuid = {0A0BCFEF-32DB-40DF-B5EE-E008540277F9}
	EndGlobalSection
EndGlobal
